// !$*UTF8*$!
{
	archiveVersion = 1;
	classes = {
	};
	objectVersion = 55;
	objects = {

/* Begin PBXBuildFile section */
		A282A9B8295EDDAB00995018 /* KalaApp.swift in Sources */ = {isa = PBXBuildFile; fileRef = A282A9B7295EDDAB00995018 /* KalaApp.swift */; };
		A282A9BC295EDDAC00995018 /* Assets.xcassets in Resources */ = {isa = PBXBuildFile; fileRef = A282A9BB295EDDAC00995018 /* Assets.xcassets */; };
		A282A9BF295EDDAC00995018 /* Preview Assets.xcassets in Resources */ = {isa = PBXBuildFile; fileRef = A282A9BE295EDDAC00995018 /* Preview Assets.xcassets */; };
		A282A9CB295EE2EF00995018 /* MainViewModel.swift in Sources */ = {isa = PBXBuildFile; fileRef = A282A9C6295EE2EF00995018 /* MainViewModel.swift */; };
		A282A9CC295EE2EF00995018 /* Color.swift in Sources */ = {isa = PBXBuildFile; fileRef = A282A9C7295EE2EF00995018 /* Color.swift */; };
		A282A9CD295EE2EF00995018 /* wndAccessor.swift in Sources */ = {isa = PBXBuildFile; fileRef = A282A9C8295EE2EF00995018 /* wndAccessor.swift */; };
		A282A9CE295EE2EF00995018 /* AppDelegate.swift in Sources */ = {isa = PBXBuildFile; fileRef = A282A9C9295EE2EF00995018 /* AppDelegate.swift */; };
		A282A9CF295EE2EF00995018 /* KalaMainView.swift in Sources */ = {isa = PBXBuildFile; fileRef = A282A9CA295EE2EF00995018 /* KalaMainView.swift */; };
		A282A9D7295EE40B00995018 /* backgroundGaussianBlur.swift in Sources */ = {isa = PBXBuildFile; fileRef = A282A9D6295EE40B00995018 /* backgroundGaussianBlur.swift */; };
		A282A9D92965A81600995018 /* UserDefault.swift in Sources */ = {isa = PBXBuildFile; fileRef = A282A9D82965A81600995018 /* UserDefault.swift */; };
		A282A9DB2967188E00995018 /* Stopwatch.swift in Sources */ = {isa = PBXBuildFile; fileRef = A282A9DA2967188E00995018 /* Stopwatch.swift */; };
		A282A9FE296879C200995018 /* StopwatchTests.swift in Sources */ = {isa = PBXBuildFile; fileRef = A282A9FD296879C200995018 /* StopwatchTests.swift */; };
		A282AA04296879E500995018 /* Stopwatch.swift in Sources */ = {isa = PBXBuildFile; fileRef = A282A9DA2967188E00995018 /* Stopwatch.swift */; };
		A282AA0629687DBF00995018 /* StopwatchUKS.swift in Sources */ = {isa = PBXBuildFile; fileRef = A282AA0529687DBF00995018 /* StopwatchUKS.swift */; };
		A297F5E9296C97AB00CE6153 /* ButtonStyle.swift in Sources */ = {isa = PBXBuildFile; fileRef = A297F5E8296C97AB00CE6153 /* ButtonStyle.swift */; };
		A297F5EB296D7FD500CE6153 /* NeuromorphBtn.swift in Sources */ = {isa = PBXBuildFile; fileRef = A297F5EA296D7FD500CE6153 /* NeuromorphBtn.swift */; };
		A297F5ED296D83E700CE6153 /* PropertiesView.swift in Sources */ = {isa = PBXBuildFile; fileRef = A297F5EC296D83E700CE6153 /* PropertiesView.swift */; };
		A297F5EF296D83F300CE6153 /* PropertiesViewModel.swift in Sources */ = {isa = PBXBuildFile; fileRef = A297F5EE296D83F300CE6153 /* PropertiesViewModel.swift */; };
/* End PBXBuildFile section */

/* Begin PBXContainerItemProxy section */
		A282A9FF296879C200995018 /* PBXContainerItemProxy */ = {
			isa = PBXContainerItemProxy;
			containerPortal = A282A9AC295EDDAB00995018 /* Project object */;
			proxyType = 1;
			remoteGlobalIDString = A282A9B3295EDDAB00995018;
			remoteInfo = Kala;
		};
/* End PBXContainerItemProxy section */

/* Begin PBXFileReference section */
		A282A9B4295EDDAB00995018 /* Kala.app */ = {isa = PBXFileReference; explicitFileType = wrapper.application; includeInIndex = 0; path = Kala.app; sourceTree = BUILT_PRODUCTS_DIR; };
		A282A9B7295EDDAB00995018 /* KalaApp.swift */ = {isa = PBXFileReference; lastKnownFileType = sourcecode.swift; path = KalaApp.swift; sourceTree = "<group>"; };
		A282A9BB295EDDAC00995018 /* Assets.xcassets */ = {isa = PBXFileReference; lastKnownFileType = folder.assetcatalog; path = Assets.xcassets; sourceTree = "<group>"; };
		A282A9BE295EDDAC00995018 /* Preview Assets.xcassets */ = {isa = PBXFileReference; lastKnownFileType = folder.assetcatalog; path = "Preview Assets.xcassets"; sourceTree = "<group>"; };
		A282A9C0295EDDAC00995018 /* Kala.entitlements */ = {isa = PBXFileReference; lastKnownFileType = text.plist.entitlements; path = Kala.entitlements; sourceTree = "<group>"; };
		A282A9C6295EE2EF00995018 /* MainViewModel.swift */ = {isa = PBXFileReference; fileEncoding = 4; lastKnownFileType = sourcecode.swift; path = MainViewModel.swift; sourceTree = "<group>"; };
		A282A9C7295EE2EF00995018 /* Color.swift */ = {isa = PBXFileReference; fileEncoding = 4; lastKnownFileType = sourcecode.swift; path = Color.swift; sourceTree = "<group>"; };
		A282A9C8295EE2EF00995018 /* wndAccessor.swift */ = {isa = PBXFileReference; fileEncoding = 4; lastKnownFileType = sourcecode.swift; path = wndAccessor.swift; sourceTree = "<group>"; };
		A282A9C9295EE2EF00995018 /* AppDelegate.swift */ = {isa = PBXFileReference; fileEncoding = 4; lastKnownFileType = sourcecode.swift; path = AppDelegate.swift; sourceTree = "<group>"; };
		A282A9CA295EE2EF00995018 /* KalaMainView.swift */ = {isa = PBXFileReference; fileEncoding = 4; lastKnownFileType = sourcecode.swift; path = KalaMainView.swift; sourceTree = "<group>"; };
		A282A9D6295EE40B00995018 /* backgroundGaussianBlur.swift */ = {isa = PBXFileReference; fileEncoding = 4; lastKnownFileType = sourcecode.swift; path = backgroundGaussianBlur.swift; sourceTree = "<group>"; };
		A282A9D82965A81600995018 /* UserDefault.swift */ = {isa = PBXFileReference; lastKnownFileType = sourcecode.swift; path = UserDefault.swift; sourceTree = "<group>"; };
		A282A9DA2967188E00995018 /* Stopwatch.swift */ = {isa = PBXFileReference; lastKnownFileType = sourcecode.swift; name = Stopwatch.swift; path = /Users/andrewkuzmich/TaoGit/Kala/Kala/Kala/Backend/MoreSwiftUI/Stopwatch.swift; sourceTree = "<absolute>"; };
		A282A9FB296879C200995018 /* KalaTests.xctest */ = {isa = PBXFileReference; explicitFileType = wrapper.cfbundle; includeInIndex = 0; path = KalaTests.xctest; sourceTree = BUILT_PRODUCTS_DIR; };
		A282A9FD296879C200995018 /* StopwatchTests.swift */ = {isa = PBXFileReference; lastKnownFileType = sourcecode.swift; path = StopwatchTests.swift; sourceTree = "<group>"; };
		A282AA0529687DBF00995018 /* StopwatchUKS.swift */ = {isa = PBXFileReference; lastKnownFileType = sourcecode.swift; path = StopwatchUKS.swift; sourceTree = "<group>"; };
		A297F5E8296C97AB00CE6153 /* ButtonStyle.swift */ = {isa = PBXFileReference; lastKnownFileType = sourcecode.swift; path = ButtonStyle.swift; sourceTree = "<group>"; };
		A297F5EA296D7FD500CE6153 /* NeuromorphBtn.swift */ = {isa = PBXFileReference; lastKnownFileType = sourcecode.swift; path = NeuromorphBtn.swift; sourceTree = "<group>"; };
		A297F5EC296D83E700CE6153 /* PropertiesView.swift */ = {isa = PBXFileReference; lastKnownFileType = sourcecode.swift; path = PropertiesView.swift; sourceTree = "<group>"; };
		A297F5EE296D83F300CE6153 /* PropertiesViewModel.swift */ = {isa = PBXFileReference; lastKnownFileType = sourcecode.swift; path = PropertiesViewModel.swift; sourceTree = "<group>"; };
/* End PBXFileReference section */

/* Begin PBXFrameworksBuildPhase section */
		A282A9B1295EDDAB00995018 /* Frameworks */ = {
			isa = PBXFrameworksBuildPhase;
			buildActionMask = 2147483647;
			files = (
			);
			runOnlyForDeploymentPostprocessing = 0;
		};
		A282A9F8296879C200995018 /* Frameworks */ = {
			isa = PBXFrameworksBuildPhase;
			buildActionMask = 2147483647;
			files = (
			);
			runOnlyForDeploymentPostprocessing = 0;
		};
/* End PBXFrameworksBuildPhase section */

/* Begin PBXGroup section */
		A282A9AB295EDDAB00995018 = {
			isa = PBXGroup;
			children = (
				A282A9B6295EDDAB00995018 /* Kala */,
				A282A9FC296879C200995018 /* KalaTests */,
				A282A9B5295EDDAB00995018 /* Products */,
			);
			sourceTree = "<group>";
		};
		A282A9B5295EDDAB00995018 /* Products */ = {
			isa = PBXGroup;
			children = (
				A282A9B4295EDDAB00995018 /* Kala.app */,
				A282A9FB296879C200995018 /* KalaTests.xctest */,
			);
			name = Products;
			sourceTree = "<group>";
		};
		A282A9B6295EDDAB00995018 /* Kala */ = {
			isa = PBXGroup;
			children = (
				A282A9D0295EE2FA00995018 /* Backend */,
				A282A9C9295EE2EF00995018 /* AppDelegate.swift */,
				A282A9B7295EDDAB00995018 /* KalaApp.swift */,
				A282A9D1295EE33C00995018 /* Scenes */,
				A282A9BB295EDDAC00995018 /* Assets.xcassets */,
				A282A9C0295EDDAC00995018 /* Kala.entitlements */,
				A282A9BD295EDDAC00995018 /* Preview Content */,
			);
			path = Kala;
			sourceTree = "<group>";
		};
		A282A9BD295EDDAC00995018 /* Preview Content */ = {
			isa = PBXGroup;
			children = (
				A282A9BE295EDDAC00995018 /* Preview Assets.xcassets */,
			);
			path = "Preview Content";
			sourceTree = "<group>";
		};
		A282A9D0295EE2FA00995018 /* Backend */ = {
			isa = PBXGroup;
			children = (
				A282A9D5295EE3BA00995018 /* MoreSwiftUI */,
				A282A9DA2967188E00995018 /* Stopwatch.swift */,
				A282A9C7295EE2EF00995018 /* Color.swift */,
				A297F5E8296C97AB00CE6153 /* ButtonStyle.swift */,
				A282AA0529687DBF00995018 /* StopwatchUKS.swift */,
			);
			path = Backend;
			sourceTree = "<group>";
		};
		A282A9D1295EE33C00995018 /* Scenes */ = {
			isa = PBXGroup;
			children = (
				A282A9D2295EE34A00995018 /* MainView */,
				A282A9D4295EE36000995018 /* Properties */,
				A282A9D3295EE35800995018 /* About */,
			);
			path = Scenes;
			sourceTree = "<group>";
		};
		A282A9D2295EE34A00995018 /* MainView */ = {
			isa = PBXGroup;
			children = (
				A282A9CA295EE2EF00995018 /* KalaMainView.swift */,
				A282A9C6295EE2EF00995018 /* MainViewModel.swift */,
			);
			path = MainView;
			sourceTree = "<group>";
		};
		A282A9D3295EE35800995018 /* About */ = {
			isa = PBXGroup;
			children = (
			);
			path = About;
			sourceTree = "<group>";
		};
		A282A9D4295EE36000995018 /* Properties */ = {
			isa = PBXGroup;
			children = (
				A297F5EC296D83E700CE6153 /* PropertiesView.swift */,
				A297F5EE296D83F300CE6153 /* PropertiesViewModel.swift */,
			);
			path = Properties;
			sourceTree = "<group>";
		};
		A282A9D5295EE3BA00995018 /* MoreSwiftUI */ = {
			isa = PBXGroup;
			children = (
				A282A9D6295EE40B00995018 /* backgroundGaussianBlur.swift */,
				A282A9C8295EE2EF00995018 /* wndAccessor.swift */,
				A282A9D82965A81600995018 /* UserDefault.swift */,
				A297F5EA296D7FD500CE6153 /* NeuromorphBtn.swift */,
			);
			path = MoreSwiftUI;
			sourceTree = "<group>";
		};
		A282A9FC296879C200995018 /* KalaTests */ = {
			isa = PBXGroup;
			children = (
				A282A9FD296879C200995018 /* StopwatchTests.swift */,
			);
			path = KalaTests;
			sourceTree = "<group>";
		};
/* End PBXGroup section */

/* Begin PBXNativeTarget section */
		A282A9B3295EDDAB00995018 /* Kala */ = {
			isa = PBXNativeTarget;
			buildConfigurationList = A282A9C3295EDDAC00995018 /* Build configuration list for PBXNativeTarget "Kala" */;
			buildPhases = (
				A282A9B0295EDDAB00995018 /* Sources */,
				A282A9B1295EDDAB00995018 /* Frameworks */,
				A282A9B2295EDDAB00995018 /* Resources */,
			);
			buildRules = (
			);
			dependencies = (
			);
			name = Kala;
			productName = Kala;
			productReference = A282A9B4295EDDAB00995018 /* Kala.app */;
			productType = "com.apple.product-type.application";
		};
		A282A9FA296879C200995018 /* KalaTests */ = {
			isa = PBXNativeTarget;
			buildConfigurationList = A282AA03296879C200995018 /* Build configuration list for PBXNativeTarget "KalaTests" */;
			buildPhases = (
				A282A9F7296879C200995018 /* Sources */,
				A282A9F8296879C200995018 /* Frameworks */,
				A282A9F9296879C200995018 /* Resources */,
			);
			buildRules = (
			);
			dependencies = (
				A282AA00296879C200995018 /* PBXTargetDependency */,
			);
			name = KalaTests;
			productName = KalaTests;
			productReference = A282A9FB296879C200995018 /* KalaTests.xctest */;
			productType = "com.apple.product-type.bundle.unit-test";
		};
/* End PBXNativeTarget section */

/* Begin PBXProject section */
		A282A9AC295EDDAB00995018 /* Project object */ = {
			isa = PBXProject;
			attributes = {
				BuildIndependentTargetsInParallel = 1;
				LastSwiftUpdateCheck = 1340;
				LastUpgradeCheck = 1340;
				TargetAttributes = {
					A282A9B3295EDDAB00995018 = {
						CreatedOnToolsVersion = 13.4.1;
					};
					A282A9FA296879C200995018 = {
						CreatedOnToolsVersion = 13.4.1;
						TestTargetID = A282A9B3295EDDAB00995018;
					};
				};
			};
			buildConfigurationList = A282A9AF295EDDAB00995018 /* Build configuration list for PBXProject "Kala" */;
			compatibilityVersion = "Xcode 13.0";
			developmentRegion = en;
			hasScannedForEncodings = 0;
			knownRegions = (
				en,
				Base,
			);
			mainGroup = A282A9AB295EDDAB00995018;
			productRefGroup = A282A9B5295EDDAB00995018 /* Products */;
			projectDirPath = "";
			projectRoot = "";
			targets = (
				A282A9B3295EDDAB00995018 /* Kala */,
				A282A9FA296879C200995018 /* KalaTests */,
			);
		};
/* End PBXProject section */

/* Begin PBXResourcesBuildPhase section */
		A282A9B2295EDDAB00995018 /* Resources */ = {
			isa = PBXResourcesBuildPhase;
			buildActionMask = 2147483647;
			files = (
				A282A9BF295EDDAC00995018 /* Preview Assets.xcassets in Resources */,
				A282A9BC295EDDAC00995018 /* Assets.xcassets in Resources */,
			);
			runOnlyForDeploymentPostprocessing = 0;
		};
		A282A9F9296879C200995018 /* Resources */ = {
			isa = PBXResourcesBuildPhase;
			buildActionMask = 2147483647;
			files = (
			);
			runOnlyForDeploymentPostprocessing = 0;
		};
/* End PBXResourcesBuildPhase section */

/* Begin PBXSourcesBuildPhase section */
		A282A9B0295EDDAB00995018 /* Sources */ = {
			isa = PBXSourcesBuildPhase;
			buildActionMask = 2147483647;
			files = (
				A282A9D92965A81600995018 /* UserDefault.swift in Sources */,
				A282AA0629687DBF00995018 /* StopwatchUKS.swift in Sources */,
				A282A9CF295EE2EF00995018 /* KalaMainView.swift in Sources */,
				A282A9CE295EE2EF00995018 /* AppDelegate.swift in Sources */,
				A282A9CC295EE2EF00995018 /* Color.swift in Sources */,
				A297F5EB296D7FD500CE6153 /* NeuromorphBtn.swift in Sources */,
				A282A9CB295EE2EF00995018 /* MainViewModel.swift in Sources */,
				A282A9CD295EE2EF00995018 /* wndAccessor.swift in Sources */,
				A297F5ED296D83E700CE6153 /* PropertiesView.swift in Sources */,
				A297F5EF296D83F300CE6153 /* PropertiesViewModel.swift in Sources */,
				A282A9DB2967188E00995018 /* Stopwatch.swift in Sources */,
				A282A9D7295EE40B00995018 /* backgroundGaussianBlur.swift in Sources */,
				A297F5E9296C97AB00CE6153 /* ButtonStyle.swift in Sources */,
				A282A9B8295EDDAB00995018 /* KalaApp.swift in Sources */,
			);
			runOnlyForDeploymentPostprocessing = 0;
		};
		A282A9F7296879C200995018 /* Sources */ = {
			isa = PBXSourcesBuildPhase;
			buildActionMask = 2147483647;
			files = (
				A282A9FE296879C200995018 /* StopwatchTests.swift in Sources */,
				A282AA04296879E500995018 /* Stopwatch.swift in Sources */,
			);
			runOnlyForDeploymentPostprocessing = 0;
		};
/* End PBXSourcesBuildPhase section */

/* Begin PBXTargetDependency section */
		A282AA00296879C200995018 /* PBXTargetDependency */ = {
			isa = PBXTargetDependency;
			target = A282A9B3295EDDAB00995018 /* Kala */;
			targetProxy = A282A9FF296879C200995018 /* PBXContainerItemProxy */;
		};
/* End PBXTargetDependency section */

/* Begin XCBuildConfiguration section */
		A282A9C1295EDDAC00995018 /* Debug */ = {
			isa = XCBuildConfiguration;
			buildSettings = {
				ALWAYS_SEARCH_USER_PATHS = NO;
				CLANG_ANALYZER_NONNULL = YES;
				CLANG_ANALYZER_NUMBER_OBJECT_CONVERSION = YES_AGGRESSIVE;
				CLANG_CXX_LANGUAGE_STANDARD = "gnu++17";
				CLANG_ENABLE_MODULES = YES;
				CLANG_ENABLE_OBJC_ARC = YES;
				CLANG_ENABLE_OBJC_WEAK = YES;
				CLANG_WARN_BLOCK_CAPTURE_AUTORELEASING = YES;
				CLANG_WARN_BOOL_CONVERSION = YES;
				CLANG_WARN_COMMA = YES;
				CLANG_WARN_CONSTANT_CONVERSION = YES;
				CLANG_WARN_DEPRECATED_OBJC_IMPLEMENTATIONS = YES;
				CLANG_WARN_DIRECT_OBJC_ISA_USAGE = YES_ERROR;
				CLANG_WARN_DOCUMENTATION_COMMENTS = YES;
				CLANG_WARN_EMPTY_BODY = YES;
				CLANG_WARN_ENUM_CONVERSION = YES;
				CLANG_WARN_INFINITE_RECURSION = YES;
				CLANG_WARN_INT_CONVERSION = YES;
				CLANG_WARN_NON_LITERAL_NULL_CONVERSION = YES;
				CLANG_WARN_OBJC_IMPLICIT_RETAIN_SELF = YES;
				CLANG_WARN_OBJC_LITERAL_CONVERSION = YES;
				CLANG_WARN_OBJC_ROOT_CLASS = YES_ERROR;
				CLANG_WARN_QUOTED_INCLUDE_IN_FRAMEWORK_HEADER = YES;
				CLANG_WARN_RANGE_LOOP_ANALYSIS = YES;
				CLANG_WARN_STRICT_PROTOTYPES = YES;
				CLANG_WARN_SUSPICIOUS_MOVE = YES;
				CLANG_WARN_UNGUARDED_AVAILABILITY = YES_AGGRESSIVE;
				CLANG_WARN_UNREACHABLE_CODE = YES;
				CLANG_WARN__DUPLICATE_METHOD_MATCH = YES;
				COPY_PHASE_STRIP = NO;
				DEBUG_INFORMATION_FORMAT = dwarf;
				ENABLE_STRICT_OBJC_MSGSEND = YES;
				ENABLE_TESTABILITY = YES;
				GCC_C_LANGUAGE_STANDARD = gnu11;
				GCC_DYNAMIC_NO_PIC = NO;
				GCC_NO_COMMON_BLOCKS = YES;
				GCC_OPTIMIZATION_LEVEL = 0;
				GCC_PREPROCESSOR_DEFINITIONS = (
					"DEBUG=1",
					"$(inherited)",
				);
				GCC_WARN_64_TO_32_BIT_CONVERSION = YES;
				GCC_WARN_ABOUT_RETURN_TYPE = YES_ERROR;
				GCC_WARN_UNDECLARED_SELECTOR = YES;
				GCC_WARN_UNINITIALIZED_AUTOS = YES_AGGRESSIVE;
				GCC_WARN_UNUSED_FUNCTION = YES;
				GCC_WARN_UNUSED_VARIABLE = YES;
				MACOSX_DEPLOYMENT_TARGET = 12.1;
				MTL_ENABLE_DEBUG_INFO = INCLUDE_SOURCE;
				MTL_FAST_MATH = YES;
				ONLY_ACTIVE_ARCH = YES;
				SDKROOT = macosx;
				SWIFT_ACTIVE_COMPILATION_CONDITIONS = DEBUG;
				SWIFT_OPTIMIZATION_LEVEL = "-Onone";
			};
			name = Debug;
		};
		A282A9C2295EDDAC00995018 /* Release */ = {
			isa = XCBuildConfiguration;
			buildSettings = {
				ALWAYS_SEARCH_USER_PATHS = NO;
				CLANG_ANALYZER_NONNULL = YES;
				CLANG_ANALYZER_NUMBER_OBJECT_CONVERSION = YES_AGGRESSIVE;
				CLANG_CXX_LANGUAGE_STANDARD = "gnu++17";
				CLANG_ENABLE_MODULES = YES;
				CLANG_ENABLE_OBJC_ARC = YES;
				CLANG_ENABLE_OBJC_WEAK = YES;
				CLANG_WARN_BLOCK_CAPTURE_AUTORELEASING = YES;
				CLANG_WARN_BOOL_CONVERSION = YES;
				CLANG_WARN_COMMA = YES;
				CLANG_WARN_CONSTANT_CONVERSION = YES;
				CLANG_WARN_DEPRECATED_OBJC_IMPLEMENTATIONS = YES;
				CLANG_WARN_DIRECT_OBJC_ISA_USAGE = YES_ERROR;
				CLANG_WARN_DOCUMENTATION_COMMENTS = YES;
				CLANG_WARN_EMPTY_BODY = YES;
				CLANG_WARN_ENUM_CONVERSION = YES;
				CLANG_WARN_INFINITE_RECURSION = YES;
				CLANG_WARN_INT_CONVERSION = YES;
				CLANG_WARN_NON_LITERAL_NULL_CONVERSION = YES;
				CLANG_WARN_OBJC_IMPLICIT_RETAIN_SELF = YES;
				CLANG_WARN_OBJC_LITERAL_CONVERSION = YES;
				CLANG_WARN_OBJC_ROOT_CLASS = YES_ERROR;
				CLANG_WARN_QUOTED_INCLUDE_IN_FRAMEWORK_HEADER = YES;
				CLANG_WARN_RANGE_LOOP_ANALYSIS = YES;
				CLANG_WARN_STRICT_PROTOTYPES = YES;
				CLANG_WARN_SUSPICIOUS_MOVE = YES;
				CLANG_WARN_UNGUARDED_AVAILABILITY = YES_AGGRESSIVE;
				CLANG_WARN_UNREACHABLE_CODE = YES;
				CLANG_WARN__DUPLICATE_METHOD_MATCH = YES;
				COPY_PHASE_STRIP = NO;
				DEBUG_INFORMATION_FORMAT = "dwarf-with-dsym";
				ENABLE_NS_ASSERTIONS = NO;
				ENABLE_STRICT_OBJC_MSGSEND = YES;
				GCC_C_LANGUAGE_STANDARD = gnu11;
				GCC_NO_COMMON_BLOCKS = YES;
				GCC_WARN_64_TO_32_BIT_CONVERSION = YES;
				GCC_WARN_ABOUT_RETURN_TYPE = YES_ERROR;
				GCC_WARN_UNDECLARED_SELECTOR = YES;
				GCC_WARN_UNINITIALIZED_AUTOS = YES_AGGRESSIVE;
				GCC_WARN_UNUSED_FUNCTION = YES;
				GCC_WARN_UNUSED_VARIABLE = YES;
				MACOSX_DEPLOYMENT_TARGET = 12.1;
				MTL_ENABLE_DEBUG_INFO = NO;
				MTL_FAST_MATH = YES;
				SDKROOT = macosx;
				SWIFT_COMPILATION_MODE = wholemodule;
				SWIFT_OPTIMIZATION_LEVEL = "-O";
			};
			name = Release;
		};
		A282A9C4295EDDAC00995018 /* Debug */ = {
			isa = XCBuildConfiguration;
			buildSettings = {
				ASSETCATALOG_COMPILER_APPICON_NAME = AppIcon;
				ASSETCATALOG_COMPILER_GLOBAL_ACCENT_COLOR_NAME = AccentColor;
				CODE_SIGN_ENTITLEMENTS = Kala/Kala.entitlements;
				CODE_SIGN_STYLE = Automatic;
				COMBINE_HIDPI_IMAGES = YES;
				CURRENT_PROJECT_VERSION = 1;
				DEVELOPMENT_ASSET_PATHS = "\"Kala/Preview Content\"";
				DEVELOPMENT_TEAM = QZKQ74LNRY;
				ENABLE_HARDENED_RUNTIME = YES;
				ENABLE_PREVIEWS = YES;
				GENERATE_INFOPLIST_FILE = YES;
				INFOPLIST_KEY_NSHumanReadableCopyright = "";
				LD_RUNPATH_SEARCH_PATHS = (
					"$(inherited)",
					"@executable_path/../Frameworks",
				);
				MARKETING_VERSION = 1.0;
				PRODUCT_BUNDLE_IDENTIFIER = com.rogaAndKopytaBugaiv.Kala;
				PRODUCT_NAME = "$(TARGET_NAME)";
				SWIFT_EMIT_LOC_STRINGS = YES;
				SWIFT_VERSION = 5.0;
			};
			name = Debug;
		};
		A282A9C5295EDDAC00995018 /* Release */ = {
			isa = XCBuildConfiguration;
			buildSettings = {
				ASSETCATALOG_COMPILER_APPICON_NAME = AppIcon;
				ASSETCATALOG_COMPILER_GLOBAL_ACCENT_COLOR_NAME = AccentColor;
				CODE_SIGN_ENTITLEMENTS = Kala/Kala.entitlements;
				CODE_SIGN_STYLE = Automatic;
				COMBINE_HIDPI_IMAGES = YES;
				CURRENT_PROJECT_VERSION = 1;
				DEVELOPMENT_ASSET_PATHS = "\"Kala/Preview Content\"";
				DEVELOPMENT_TEAM = QZKQ74LNRY;
				ENABLE_HARDENED_RUNTIME = YES;
				ENABLE_PREVIEWS = YES;
				GENERATE_INFOPLIST_FILE = YES;
				INFOPLIST_KEY_NSHumanReadableCopyright = "";
				LD_RUNPATH_SEARCH_PATHS = (
					"$(inherited)",
					"@executable_path/../Frameworks",
				);
				MARKETING_VERSION = 1.0;
				PRODUCT_BUNDLE_IDENTIFIER = com.rogaAndKopytaBugaiv.Kala;
				PRODUCT_NAME = "$(TARGET_NAME)";
				SWIFT_EMIT_LOC_STRINGS = YES;
				SWIFT_VERSION = 5.0;
			};
			name = Release;
		};
		A282AA01296879C200995018 /* Debug */ = {
			isa = XCBuildConfiguration;
			buildSettings = {
				BUNDLE_LOADER = "$(TEST_HOST)";
				CODE_SIGN_STYLE = Automatic;
				CURRENT_PROJECT_VERSION = 1;
				DEVELOPMENT_TEAM = QZKQ74LNRY;
				GENERATE_INFOPLIST_FILE = YES;
				MARKETING_VERSION = 1.0;
				PRODUCT_BUNDLE_IDENTIFIER = com.rogaAndKopytaBugaiv.KalaTests;
				PRODUCT_NAME = "$(TARGET_NAME)";
				SWIFT_EMIT_LOC_STRINGS = NO;
				SWIFT_VERSION = 5.0;
				TEST_HOST = "$(BUILT_PRODUCTS_DIR)/Kala.app/Contents/MacOS/Kala";
			};
			name = Debug;
		};
		A282AA02296879C200995018 /* Release */ = {
			isa = XCBuildConfiguration;
			buildSettings = {
				BUNDLE_LOADER = "$(TEST_HOST)";
				CODE_SIGN_STYLE = Automatic;
				CURRENT_PROJECT_VERSION = 1;
				DEVELOPMENT_TEAM = QZKQ74LNRY;
				GENERATE_INFOPLIST_FILE = YES;
				MARKETING_VERSION = 1.0;
				PRODUCT_BUNDLE_IDENTIFIER = com.rogaAndKopytaBugaiv.KalaTests;
				PRODUCT_NAME = "$(TARGET_NAME)";
				SWIFT_EMIT_LOC_STRINGS = NO;
				SWIFT_VERSION = 5.0;
				TEST_HOST = "$(BUILT_PRODUCTS_DIR)/Kala.app/Contents/MacOS/Kala";
			};
			name = Release;
		};
/* End XCBuildConfiguration section */

/* Begin XCConfigurationList section */
		A282A9AF295EDDAB00995018 /* Build configuration list for PBXProject "Kala" */ = {
			isa = XCConfigurationList;
			buildConfigurations = (
				A282A9C1295EDDAC00995018 /* Debug */,
				A282A9C2295EDDAC00995018 /* Release */,
			);
			defaultConfigurationIsVisible = 0;
			defaultConfigurationName = Release;
		};
		A282A9C3295EDDAC00995018 /* Build configuration list for PBXNativeTarget "Kala" */ = {
			isa = XCConfigurationList;
			buildConfigurations = (
				A282A9C4295EDDAC00995018 /* Debug */,
				A282A9C5295EDDAC00995018 /* Release */,
			);
			defaultConfigurationIsVisible = 0;
			defaultConfigurationName = Release;
		};
		A282AA03296879C200995018 /* Build configuration list for PBXNativeTarget "KalaTests" */ = {
			isa = XCConfigurationList;
			buildConfigurations = (
				A282AA01296879C200995018 /* Debug */,
				A282AA02296879C200995018 /* Release */,
			);
			defaultConfigurationIsVisible = 0;
			defaultConfigurationName = Release;
		};
/* End XCConfigurationList section */
	};
	rootObject = A282A9AC295EDDAB00995018 /* Project object */;
}
