// !$*UTF8*$!
{
	archiveVersion = 1;
	classes = {
	};
	objectVersion = 55;
	objects = {

/* Begin PBXBuildFile section */
		1D09E307298AEB7E0034557C /* String+.swift in Sources */ = {isa = PBXBuildFile; fileRef = 1D09E306298AEB7E0034557C /* String+.swift */; };
		1D4A87A7298EE3000062686C /* takeAllAvailableSpace.swift in Sources */ = {isa = PBXBuildFile; fileRef = 1D4A87A6298EE3000062686C /* takeAllAvailableSpace.swift */; };
		1D4A87C8298EF0280062686C /* Neuromorhism.swift in Sources */ = {isa = PBXBuildFile; fileRef = 1D4A87C7298EF0280062686C /* Neuromorhism.swift */; };
		1D4A87CA298EF0470062686C /* SystemColors.swift in Sources */ = {isa = PBXBuildFile; fileRef = 1D4A87C9298EF0470062686C /* SystemColors.swift */; };
		1DA1F15C29A7E28F00810860 /* NSWindow+.swift in Sources */ = {isa = PBXBuildFile; fileRef = 1DA1F15B29A7E28E00810860 /* NSWindow+.swift */; };
		A2207FEC2BEE6D4B005CA5AE /* ConfigNinja.swift in Sources */ = {isa = PBXBuildFile; fileRef = A2207FEB2BEE6D4B005CA5AE /* ConfigNinja.swift */; };
		A2207FF52BEE772C005CA5AE /* AppCoreLight.framework in Frameworks */ = {isa = PBXBuildFile; fileRef = A2207FF42BEE772C005CA5AE /* AppCoreLight.framework */; };
		A2207FF62BEE772C005CA5AE /* AppCoreLight.framework in Embed Frameworks */ = {isa = PBXBuildFile; fileRef = A2207FF42BEE772C005CA5AE /* AppCoreLight.framework */; settings = {ATTRIBUTES = (CodeSignOnCopy, RemoveHeadersOnCopy, ); }; };
		A2207FF92BEE7784005CA5AE /* AsyncNinja in Frameworks */ = {isa = PBXBuildFile; productRef = A2207FF82BEE7784005CA5AE /* AsyncNinja */; };
		A23CDE2E29B7ABD10033EDC4 /* NSTextFieldExt.swift in Sources */ = {isa = PBXBuildFile; fileRef = A23CDE2D29B7ABD10033EDC4 /* NSTextFieldExt.swift */; };
		A25D2F4929859387001A0F10 /* CustomAlertView.swift in Sources */ = {isa = PBXBuildFile; fileRef = A25D2F4829859387001A0F10 /* CustomAlertView.swift */; };
		A25D2F4B298AE27B001A0F10 /* Stopwatch.swift in Sources */ = {isa = PBXBuildFile; fileRef = A25D2F4A298AE27B001A0F10 /* Stopwatch.swift */; };
		A282A9B8295EDDAB00995018 /* KalaApp.swift in Sources */ = {isa = PBXBuildFile; fileRef = A282A9B7295EDDAB00995018 /* KalaApp.swift */; };
		A282A9BC295EDDAC00995018 /* Assets.xcassets in Resources */ = {isa = PBXBuildFile; fileRef = A282A9BB295EDDAC00995018 /* Assets.xcassets */; };
		A282A9BF295EDDAC00995018 /* Preview Assets.xcassets in Resources */ = {isa = PBXBuildFile; fileRef = A282A9BE295EDDAC00995018 /* Preview Assets.xcassets */; };
		A282A9CB295EE2EF00995018 /* MainViewModel.swift in Sources */ = {isa = PBXBuildFile; fileRef = A282A9C6295EE2EF00995018 /* MainViewModel.swift */; };
		A282A9CC295EE2EF00995018 /* Color+.swift in Sources */ = {isa = PBXBuildFile; fileRef = A282A9C7295EE2EF00995018 /* Color+.swift */; };
		A282A9CD295EE2EF00995018 /* wndAccessor.swift in Sources */ = {isa = PBXBuildFile; fileRef = A282A9C8295EE2EF00995018 /* wndAccessor.swift */; };
		A282A9CE295EE2EF00995018 /* AppDelegate.swift in Sources */ = {isa = PBXBuildFile; fileRef = A282A9C9295EE2EF00995018 /* AppDelegate.swift */; };
		A282A9CF295EE2EF00995018 /* KalaMainView.swift in Sources */ = {isa = PBXBuildFile; fileRef = A282A9CA295EE2EF00995018 /* KalaMainView.swift */; };
		A282A9D7295EE40B00995018 /* backgroundGaussianBlur.swift in Sources */ = {isa = PBXBuildFile; fileRef = A282A9D6295EE40B00995018 /* backgroundGaussianBlur.swift */; };
		A282A9FE296879C200995018 /* StopwatchTests.swift in Sources */ = {isa = PBXBuildFile; fileRef = A282A9FD296879C200995018 /* StopwatchTests.swift */; };
		A28E12B429A675A1006E573E /* dragWndWithClick.swift in Sources */ = {isa = PBXBuildFile; fileRef = A28E12B329A675A1006E573E /* dragWndWithClick.swift */; };
		A297F5EB296D7FD500CE6153 /* NeuromorphBtn.swift in Sources */ = {isa = PBXBuildFile; fileRef = A297F5EA296D7FD500CE6153 /* NeuromorphBtn.swift */; };
		A2A3DED82BE88F1F007D2AC0 /* StopwatchInterfaceView.swift in Sources */ = {isa = PBXBuildFile; fileRef = A2A3DED72BE88F1F007D2AC0 /* StopwatchInterfaceView.swift */; };
		A2C997782C20A6A2008BFB3C /* ColorScheme+.swift in Sources */ = {isa = PBXBuildFile; fileRef = A2C997772C20A6A2008BFB3C /* ColorScheme+.swift */; };
		A2CB37B6296F0A32002C1B45 /* AboutView.swift in Sources */ = {isa = PBXBuildFile; fileRef = A2CB37B5296F0A32002C1B45 /* AboutView.swift */; };
		A2CB37BE29795BDD002C1B45 /* SettingView.swift in Sources */ = {isa = PBXBuildFile; fileRef = A2CB37BD29795BDD002C1B45 /* SettingView.swift */; };
		A2CB37C029795C2F002C1B45 /* SettingViewModel.swift in Sources */ = {isa = PBXBuildFile; fileRef = A2CB37BF29795C2F002C1B45 /* SettingViewModel.swift */; };
		A2CB37C3297C31C5002C1B45 /* Config.swift in Sources */ = {isa = PBXBuildFile; fileRef = A2CB37C2297C31C5002C1B45 /* Config.swift */; };
		A2DCF8D1299BE3C7005957DE /* Localizable.strings in Resources */ = {isa = PBXBuildFile; fileRef = A2DCF8D3299BE3C7005957DE /* Localizable.strings */; };
		A2DCF8DC29A3CF2D005957DE /* Stopwatch.swift in Sources */ = {isa = PBXBuildFile; fileRef = A25D2F4A298AE27B001A0F10 /* Stopwatch.swift */; };
/* End PBXBuildFile section */

/* Begin PBXContainerItemProxy section */
		A282A9FF296879C200995018 /* PBXContainerItemProxy */ = {
			isa = PBXContainerItemProxy;
			containerPortal = A282A9AC295EDDAB00995018 /* Project object */;
			proxyType = 1;
			remoteGlobalIDString = A282A9B3295EDDAB00995018;
			remoteInfo = Kala;
		};
/* End PBXContainerItemProxy section */

/* Begin PBXCopyFilesBuildPhase section */
		A2207FF72BEE772C005CA5AE /* Embed Frameworks */ = {
			isa = PBXCopyFilesBuildPhase;
			buildActionMask = 2147483647;
			dstPath = "";
			dstSubfolderSpec = 10;
			files = (
				A2207FF62BEE772C005CA5AE /* AppCoreLight.framework in Embed Frameworks */,
			);
			name = "Embed Frameworks";
			runOnlyForDeploymentPostprocessing = 0;
		};
/* End PBXCopyFilesBuildPhase section */

/* Begin PBXFileReference section */
		1D09E306298AEB7E0034557C /* String+.swift */ = {isa = PBXFileReference; lastKnownFileType = sourcecode.swift; path = "String+.swift"; sourceTree = "<group>"; };
		1D4A87A6298EE3000062686C /* takeAllAvailableSpace.swift */ = {isa = PBXFileReference; lastKnownFileType = sourcecode.swift; path = takeAllAvailableSpace.swift; sourceTree = "<group>"; };
		1D4A87C7298EF0280062686C /* Neuromorhism.swift */ = {isa = PBXFileReference; lastKnownFileType = sourcecode.swift; path = Neuromorhism.swift; sourceTree = "<group>"; };
		1D4A87C9298EF0470062686C /* SystemColors.swift */ = {isa = PBXFileReference; lastKnownFileType = sourcecode.swift; path = SystemColors.swift; sourceTree = "<group>"; };
		1DA1F15B29A7E28E00810860 /* NSWindow+.swift */ = {isa = PBXFileReference; lastKnownFileType = sourcecode.swift; path = "NSWindow+.swift"; sourceTree = "<group>"; };
		A2207FEB2BEE6D4B005CA5AE /* ConfigNinja.swift */ = {isa = PBXFileReference; lastKnownFileType = sourcecode.swift; path = ConfigNinja.swift; sourceTree = "<group>"; };
		A2207FF42BEE772C005CA5AE /* AppCoreLight.framework */ = {isa = PBXFileReference; explicitFileType = wrapper.framework; path = AppCoreLight.framework; sourceTree = BUILT_PRODUCTS_DIR; };
		A23CDE2D29B7ABD10033EDC4 /* NSTextFieldExt.swift */ = {isa = PBXFileReference; lastKnownFileType = sourcecode.swift; path = NSTextFieldExt.swift; sourceTree = "<group>"; };
		A25D2F4829859387001A0F10 /* CustomAlertView.swift */ = {isa = PBXFileReference; lastKnownFileType = sourcecode.swift; path = CustomAlertView.swift; sourceTree = "<group>"; };
		A25D2F4A298AE27B001A0F10 /* Stopwatch.swift */ = {isa = PBXFileReference; fileEncoding = 4; lastKnownFileType = sourcecode.swift; path = Stopwatch.swift; sourceTree = "<group>"; };
		A282A9B4295EDDAB00995018 /* Kala.app */ = {isa = PBXFileReference; explicitFileType = wrapper.application; includeInIndex = 0; path = Kala.app; sourceTree = BUILT_PRODUCTS_DIR; };
		A282A9B7295EDDAB00995018 /* KalaApp.swift */ = {isa = PBXFileReference; lastKnownFileType = sourcecode.swift; path = KalaApp.swift; sourceTree = "<group>"; };
		A282A9BB295EDDAC00995018 /* Assets.xcassets */ = {isa = PBXFileReference; lastKnownFileType = folder.assetcatalog; path = Assets.xcassets; sourceTree = "<group>"; };
		A282A9BE295EDDAC00995018 /* Preview Assets.xcassets */ = {isa = PBXFileReference; lastKnownFileType = folder.assetcatalog; path = "Preview Assets.xcassets"; sourceTree = "<group>"; };
		A282A9C0295EDDAC00995018 /* Kala.entitlements */ = {isa = PBXFileReference; lastKnownFileType = text.plist.entitlements; path = Kala.entitlements; sourceTree = "<group>"; };
		A282A9C6295EE2EF00995018 /* MainViewModel.swift */ = {isa = PBXFileReference; fileEncoding = 4; lastKnownFileType = sourcecode.swift; path = MainViewModel.swift; sourceTree = "<group>"; };
		A282A9C7295EE2EF00995018 /* Color+.swift */ = {isa = PBXFileReference; fileEncoding = 4; lastKnownFileType = sourcecode.swift; path = "Color+.swift"; sourceTree = "<group>"; };
		A282A9C8295EE2EF00995018 /* wndAccessor.swift */ = {isa = PBXFileReference; fileEncoding = 4; lastKnownFileType = sourcecode.swift; path = wndAccessor.swift; sourceTree = "<group>"; };
		A282A9C9295EE2EF00995018 /* AppDelegate.swift */ = {isa = PBXFileReference; fileEncoding = 4; lastKnownFileType = sourcecode.swift; path = AppDelegate.swift; sourceTree = "<group>"; };
		A282A9CA295EE2EF00995018 /* KalaMainView.swift */ = {isa = PBXFileReference; fileEncoding = 4; lastKnownFileType = sourcecode.swift; path = KalaMainView.swift; sourceTree = "<group>"; };
		A282A9D6295EE40B00995018 /* backgroundGaussianBlur.swift */ = {isa = PBXFileReference; fileEncoding = 4; lastKnownFileType = sourcecode.swift; path = backgroundGaussianBlur.swift; sourceTree = "<group>"; };
		A282A9FB296879C200995018 /* KalaTests.xctest */ = {isa = PBXFileReference; explicitFileType = wrapper.cfbundle; includeInIndex = 0; path = KalaTests.xctest; sourceTree = BUILT_PRODUCTS_DIR; };
		A282A9FD296879C200995018 /* StopwatchTests.swift */ = {isa = PBXFileReference; lastKnownFileType = sourcecode.swift; path = StopwatchTests.swift; sourceTree = "<group>"; };
		A28E12B329A675A1006E573E /* dragWndWithClick.swift */ = {isa = PBXFileReference; lastKnownFileType = sourcecode.swift; path = dragWndWithClick.swift; sourceTree = "<group>"; };
		A297F5EA296D7FD500CE6153 /* NeuromorphBtn.swift */ = {isa = PBXFileReference; lastKnownFileType = sourcecode.swift; path = NeuromorphBtn.swift; sourceTree = "<group>"; };
		A2A3DED72BE88F1F007D2AC0 /* StopwatchInterfaceView.swift */ = {isa = PBXFileReference; lastKnownFileType = sourcecode.swift; path = StopwatchInterfaceView.swift; sourceTree = "<group>"; };
		A2C997772C20A6A2008BFB3C /* ColorScheme+.swift */ = {isa = PBXFileReference; lastKnownFileType = sourcecode.swift; path = "ColorScheme+.swift"; sourceTree = "<group>"; };
		A2CB37B5296F0A32002C1B45 /* AboutView.swift */ = {isa = PBXFileReference; lastKnownFileType = sourcecode.swift; name = AboutView.swift; path = Kala/Scenes/About/AboutView.swift; sourceTree = SOURCE_ROOT; };
		A2CB37BD29795BDD002C1B45 /* SettingView.swift */ = {isa = PBXFileReference; lastKnownFileType = sourcecode.swift; path = SettingView.swift; sourceTree = "<group>"; };
		A2CB37BF29795C2F002C1B45 /* SettingViewModel.swift */ = {isa = PBXFileReference; lastKnownFileType = sourcecode.swift; path = SettingViewModel.swift; sourceTree = "<group>"; };
		A2CB37C2297C31C5002C1B45 /* Config.swift */ = {isa = PBXFileReference; lastKnownFileType = sourcecode.swift; path = Config.swift; sourceTree = "<group>"; };
		A2DCF8D2299BE3C7005957DE /* en */ = {isa = PBXFileReference; lastKnownFileType = text.plist.strings; name = en; path = en.lproj/Localizable.strings; sourceTree = "<group>"; };
		A2DCF8D6299BE3F4005957DE /* ru */ = {isa = PBXFileReference; lastKnownFileType = text.plist.strings; name = ru; path = ru.lproj/Localizable.strings; sourceTree = "<group>"; };
		A2DCF8D7299C0EC9005957DE /* uk */ = {isa = PBXFileReference; lastKnownFileType = text.plist.strings; name = uk; path = uk.lproj/Localizable.strings; sourceTree = "<group>"; };
/* End PBXFileReference section */

/* Begin PBXFrameworksBuildPhase section */
		A282A9B1295EDDAB00995018 /* Frameworks */ = {
			isa = PBXFrameworksBuildPhase;
			buildActionMask = 2147483647;
			files = (
				A2207FF92BEE7784005CA5AE /* AsyncNinja in Frameworks */,
				A2207FF52BEE772C005CA5AE /* AppCoreLight.framework in Frameworks */,
			);
			runOnlyForDeploymentPostprocessing = 0;
		};
		A282A9F8296879C200995018 /* Frameworks */ = {
			isa = PBXFrameworksBuildPhase;
			buildActionMask = 2147483647;
			files = (
			);
			runOnlyForDeploymentPostprocessing = 0;
		};
/* End PBXFrameworksBuildPhase section */

/* Begin PBXGroup section */
		1D09E308298AECA10034557C /* Ext */ = {
			isa = PBXGroup;
			children = (
				A282A9D5295EE3BA00995018 /* MoreSwiftUI */,
				A282A9C7295EE2EF00995018 /* Color+.swift */,
				1D09E306298AEB7E0034557C /* String+.swift */,
				1DA1F15B29A7E28E00810860 /* NSWindow+.swift */,
				A2C997772C20A6A2008BFB3C /* ColorScheme+.swift */,
			);
			path = Ext;
			sourceTree = "<group>";
		};
		1DF8F6C6299D5F3E001EF48E /* CustomAlertView */ = {
			isa = PBXGroup;
			children = (
				A25D2F4829859387001A0F10 /* CustomAlertView.swift */,
			);
			path = CustomAlertView;
			sourceTree = "<group>";
		};
		A2207FF32BEE772C005CA5AE /* Frameworks */ = {
			isa = PBXGroup;
			children = (
				A2207FF42BEE772C005CA5AE /* AppCoreLight.framework */,
			);
			name = Frameworks;
			sourceTree = "<group>";
		};
		A282A9AB295EDDAB00995018 = {
			isa = PBXGroup;
			children = (
				A2C997752C20A5F3008BFB3C /* Core */,
				A282A9B6295EDDAB00995018 /* Kala */,
				A282A9FC296879C200995018 /* KalaTests */,
				A282A9B5295EDDAB00995018 /* Products */,
				A2207FF32BEE772C005CA5AE /* Frameworks */,
			);
			sourceTree = "<group>";
		};
		A282A9B5295EDDAB00995018 /* Products */ = {
			isa = PBXGroup;
			children = (
				A282A9B4295EDDAB00995018 /* Kala.app */,
				A282A9FB296879C200995018 /* KalaTests.xctest */,
			);
			name = Products;
			sourceTree = "<group>";
		};
		A282A9B6295EDDAB00995018 /* Kala */ = {
			isa = PBXGroup;
			children = (
				A282A9C9295EE2EF00995018 /* AppDelegate.swift */,
				A282A9B7295EDDAB00995018 /* KalaApp.swift */,
				A282A9D1295EE33C00995018 /* Scenes */,
				A2DCF8D3299BE3C7005957DE /* Localizable.strings */,
				A282A9BB295EDDAC00995018 /* Assets.xcassets */,
				A282A9C0295EDDAC00995018 /* Kala.entitlements */,
				A282A9BD295EDDAC00995018 /* Preview Content */,
			);
			path = Kala;
			sourceTree = "<group>";
		};
		A282A9BD295EDDAC00995018 /* Preview Content */ = {
			isa = PBXGroup;
			children = (
				A282A9BE295EDDAC00995018 /* Preview Assets.xcassets */,
			);
			path = "Preview Content";
			sourceTree = "<group>";
		};
		A282A9D0295EE2FA00995018 /* BackEnd */ = {
			isa = PBXGroup;
			children = (
				A25D2F4A298AE27B001A0F10 /* Stopwatch.swift */,
			);
			path = BackEnd;
			sourceTree = "<group>";
		};
		A282A9D1295EE33C00995018 /* Scenes */ = {
			isa = PBXGroup;
			children = (
				A2A3DED62BE88F04007D2AC0 /* StopwatchInterfaceView */,
				1DF8F6C6299D5F3E001EF48E /* CustomAlertView */,
				A282A9D2295EE34A00995018 /* MainView */,
				A282A9D4295EE36000995018 /* Properties */,
				A2CB37C1297C3111002C1B45 /* About */,
			);
			path = Scenes;
			sourceTree = "<group>";
		};
		A282A9D2295EE34A00995018 /* MainView */ = {
			isa = PBXGroup;
			children = (
				A282A9CA295EE2EF00995018 /* KalaMainView.swift */,
				A282A9C6295EE2EF00995018 /* MainViewModel.swift */,
			);
			path = MainView;
			sourceTree = "<group>";
		};
		A282A9D4295EE36000995018 /* Properties */ = {
			isa = PBXGroup;
			children = (
				A2CB37BD29795BDD002C1B45 /* SettingView.swift */,
				A2CB37BF29795C2F002C1B45 /* SettingViewModel.swift */,
			);
			path = Properties;
			sourceTree = "<group>";
		};
		A282A9D5295EE3BA00995018 /* MoreSwiftUI */ = {
			isa = PBXGroup;
			children = (
				A28E12B329A675A1006E573E /* dragWndWithClick.swift */,
				A282A9D6295EE40B00995018 /* backgroundGaussianBlur.swift */,
				A282A9C8295EE2EF00995018 /* wndAccessor.swift */,
				A297F5EA296D7FD500CE6153 /* NeuromorphBtn.swift */,
				1D4A87A6298EE3000062686C /* takeAllAvailableSpace.swift */,
				1D4A87C7298EF0280062686C /* Neuromorhism.swift */,
				A23CDE2D29B7ABD10033EDC4 /* NSTextFieldExt.swift */,
			);
			path = MoreSwiftUI;
			sourceTree = "<group>";
		};
		A282A9FC296879C200995018 /* KalaTests */ = {
			isa = PBXGroup;
			children = (
				A282A9FD296879C200995018 /* StopwatchTests.swift */,
			);
			path = KalaTests;
			sourceTree = "<group>";
		};
		A2A3DED62BE88F04007D2AC0 /* StopwatchInterfaceView */ = {
			isa = PBXGroup;
			children = (
				A2A3DED72BE88F1F007D2AC0 /* StopwatchInterfaceView.swift */,
			);
			path = StopwatchInterfaceView;
			sourceTree = "<group>";
		};
		A2C997742C20A582008BFB3C /* FrontEnd */ = {
			isa = PBXGroup;
			children = (
				1D4A87C9298EF0470062686C /* SystemColors.swift */,
				1D09E308298AECA10034557C /* Ext */,
			);
			path = FrontEnd;
			sourceTree = "<group>";
		};
		A2C997752C20A5F3008BFB3C /* Core */ = {
			isa = PBXGroup;
			children = (
				A2C997762C20A604008BFB3C /* Config */,
				A2C997742C20A582008BFB3C /* FrontEnd */,
				A282A9D0295EE2FA00995018 /* BackEnd */,
			);
			path = Core;
			sourceTree = "<group>";
		};
		A2C997762C20A604008BFB3C /* Config */ = {
			isa = PBXGroup;
			children = (
				A2CB37C2297C31C5002C1B45 /* Config.swift */,
				A2207FEB2BEE6D4B005CA5AE /* ConfigNinja.swift */,
			);
			path = Config;
			sourceTree = "<group>";
		};
		A2CB37C1297C3111002C1B45 /* About */ = {
			isa = PBXGroup;
			children = (
				A2CB37B5296F0A32002C1B45 /* AboutView.swift */,
			);
			path = About;
			sourceTree = "<group>";
		};
/* End PBXGroup section */

/* Begin PBXNativeTarget section */
		A282A9B3295EDDAB00995018 /* Kala */ = {
			isa = PBXNativeTarget;
			buildConfigurationList = A282A9C3295EDDAC00995018 /* Build configuration list for PBXNativeTarget "Kala" */;
			buildPhases = (
				A282A9B0295EDDAB00995018 /* Sources */,
				A282A9B1295EDDAB00995018 /* Frameworks */,
				A282A9B2295EDDAB00995018 /* Resources */,
				A2207FF72BEE772C005CA5AE /* Embed Frameworks */,
			);
			buildRules = (
			);
			dependencies = (
			);
			name = Kala;
			packageProductDependencies = (
				A2207FF82BEE7784005CA5AE /* AsyncNinja */,
			);
			productName = Kala;
			productReference = A282A9B4295EDDAB00995018 /* Kala.app */;
			productType = "com.apple.product-type.application";
		};
		A282A9FA296879C200995018 /* KalaTests */ = {
			isa = PBXNativeTarget;
			buildConfigurationList = A282AA03296879C200995018 /* Build configuration list for PBXNativeTarget "KalaTests" */;
			buildPhases = (
				A282A9F7296879C200995018 /* Sources */,
				A282A9F8296879C200995018 /* Frameworks */,
				A282A9F9296879C200995018 /* Resources */,
			);
			buildRules = (
			);
			dependencies = (
				A282AA00296879C200995018 /* PBXTargetDependency */,
			);
			name = KalaTests;
			productName = KalaTests;
			productReference = A282A9FB296879C200995018 /* KalaTests.xctest */;
			productType = "com.apple.product-type.bundle.unit-test";
		};
/* End PBXNativeTarget section */

/* Begin PBXProject section */
		A282A9AC295EDDAB00995018 /* Project object */ = {
			isa = PBXProject;
			attributes = {
				BuildIndependentTargetsInParallel = 1;
				LastSwiftUpdateCheck = 1340;
				LastUpgradeCheck = 1340;
				TargetAttributes = {
					A282A9B3295EDDAB00995018 = {
						CreatedOnToolsVersion = 13.4.1;
					};
					A282A9FA296879C200995018 = {
						CreatedOnToolsVersion = 13.4.1;
						TestTargetID = A282A9B3295EDDAB00995018;
					};
				};
			};
			buildConfigurationList = A282A9AF295EDDAB00995018 /* Build configuration list for PBXProject "Kala" */;
			compatibilityVersion = "Xcode 13.0";
			developmentRegion = en;
			hasScannedForEncodings = 0;
			knownRegions = (
				en,
				Base,
				ru,
				uk,
			);
			mainGroup = A282A9AB295EDDAB00995018;
			packageReferences = (
				A2207FED2BEE6ECB005CA5AE /* XCRemoteSwiftPackageReference "AsyncNinja" */,
			);
			productRefGroup = A282A9B5295EDDAB00995018 /* Products */;
			projectDirPath = "";
			projectRoot = "";
			targets = (
				A282A9B3295EDDAB00995018 /* Kala */,
				A282A9FA296879C200995018 /* KalaTests */,
			);
		};
/* End PBXProject section */

/* Begin PBXResourcesBuildPhase section */
		A282A9B2295EDDAB00995018 /* Resources */ = {
			isa = PBXResourcesBuildPhase;
			buildActionMask = 2147483647;
			files = (
				A282A9BF295EDDAC00995018 /* Preview Assets.xcassets in Resources */,
				A2DCF8D1299BE3C7005957DE /* Localizable.strings in Resources */,
				A282A9BC295EDDAC00995018 /* Assets.xcassets in Resources */,
			);
			runOnlyForDeploymentPostprocessing = 0;
		};
		A282A9F9296879C200995018 /* Resources */ = {
			isa = PBXResourcesBuildPhase;
			buildActionMask = 2147483647;
			files = (
			);
			runOnlyForDeploymentPostprocessing = 0;
		};
/* End PBXResourcesBuildPhase section */

/* Begin PBXSourcesBuildPhase section */
		A282A9B0295EDDAB00995018 /* Sources */ = {
			isa = PBXSourcesBuildPhase;
			buildActionMask = 2147483647;
			files = (
				A2207FEC2BEE6D4B005CA5AE /* ConfigNinja.swift in Sources */,
				1D4A87CA298EF0470062686C /* SystemColors.swift in Sources */,
				A25D2F4929859387001A0F10 /* CustomAlertView.swift in Sources */,
				1DA1F15C29A7E28F00810860 /* NSWindow+.swift in Sources */,
				A282A9CF295EE2EF00995018 /* KalaMainView.swift in Sources */,
				1D09E307298AEB7E0034557C /* String+.swift in Sources */,
				A28E12B429A675A1006E573E /* dragWndWithClick.swift in Sources */,
				A282A9CE295EE2EF00995018 /* AppDelegate.swift in Sources */,
				A25D2F4B298AE27B001A0F10 /* Stopwatch.swift in Sources */,
				1D4A87A7298EE3000062686C /* takeAllAvailableSpace.swift in Sources */,
				A2CB37B6296F0A32002C1B45 /* AboutView.swift in Sources */,
				A2CB37BE29795BDD002C1B45 /* SettingView.swift in Sources */,
				A282A9CC295EE2EF00995018 /* Color+.swift in Sources */,
				A2A3DED82BE88F1F007D2AC0 /* StopwatchInterfaceView.swift in Sources */,
				1D4A87C8298EF0280062686C /* Neuromorhism.swift in Sources */,
				A297F5EB296D7FD500CE6153 /* NeuromorphBtn.swift in Sources */,
				A282A9CB295EE2EF00995018 /* MainViewModel.swift in Sources */,
				A282A9CD295EE2EF00995018 /* wndAccessor.swift in Sources */,
				A2CB37C029795C2F002C1B45 /* SettingViewModel.swift in Sources */,
				A23CDE2E29B7ABD10033EDC4 /* NSTextFieldExt.swift in Sources */,
				A2C997782C20A6A2008BFB3C /* ColorScheme+.swift in Sources */,
				A282A9D7295EE40B00995018 /* backgroundGaussianBlur.swift in Sources */,
				A2CB37C3297C31C5002C1B45 /* Config.swift in Sources */,
				A282A9B8295EDDAB00995018 /* KalaApp.swift in Sources */,
			);
			runOnlyForDeploymentPostprocessing = 0;
		};
		A282A9F7296879C200995018 /* Sources */ = {
			isa = PBXSourcesBuildPhase;
			buildActionMask = 2147483647;
			files = (
				A282A9FE296879C200995018 /* StopwatchTests.swift in Sources */,
				A2DCF8DC29A3CF2D005957DE /* Stopwatch.swift in Sources */,
			);
			runOnlyForDeploymentPostprocessing = 0;
		};
/* End PBXSourcesBuildPhase section */

/* Begin PBXTargetDependency section */
		A282AA00296879C200995018 /* PBXTargetDependency */ = {
			isa = PBXTargetDependency;
			target = A282A9B3295EDDAB00995018 /* Kala */;
			targetProxy = A282A9FF296879C200995018 /* PBXContainerItemProxy */;
		};
/* End PBXTargetDependency section */

/* Begin PBXVariantGroup section */
		A2DCF8D3299BE3C7005957DE /* Localizable.strings */ = {
			isa = PBXVariantGroup;
			children = (
				A2DCF8D2299BE3C7005957DE /* en */,
				A2DCF8D6299BE3F4005957DE /* ru */,
				A2DCF8D7299C0EC9005957DE /* uk */,
			);
			name = Localizable.strings;
			sourceTree = "<group>";
		};
/* End PBXVariantGroup section */

/* Begin XCBuildConfiguration section */
		A282A9C1295EDDAC00995018 /* Debug */ = {
			isa = XCBuildConfiguration;
			buildSettings = {
				ALWAYS_SEARCH_USER_PATHS = NO;
				CLANG_ANALYZER_NONNULL = YES;
				CLANG_ANALYZER_NUMBER_OBJECT_CONVERSION = YES_AGGRESSIVE;
				CLANG_CXX_LANGUAGE_STANDARD = "gnu++17";
				CLANG_ENABLE_MODULES = YES;
				CLANG_ENABLE_OBJC_ARC = YES;
				CLANG_ENABLE_OBJC_WEAK = YES;
				CLANG_WARN_BLOCK_CAPTURE_AUTORELEASING = YES;
				CLANG_WARN_BOOL_CONVERSION = YES;
				CLANG_WARN_COMMA = YES;
				CLANG_WARN_CONSTANT_CONVERSION = YES;
				CLANG_WARN_DEPRECATED_OBJC_IMPLEMENTATIONS = YES;
				CLANG_WARN_DIRECT_OBJC_ISA_USAGE = YES_ERROR;
				CLANG_WARN_DOCUMENTATION_COMMENTS = YES;
				CLANG_WARN_EMPTY_BODY = YES;
				CLANG_WARN_ENUM_CONVERSION = YES;
				CLANG_WARN_INFINITE_RECURSION = YES;
				CLANG_WARN_INT_CONVERSION = YES;
				CLANG_WARN_NON_LITERAL_NULL_CONVERSION = YES;
				CLANG_WARN_OBJC_IMPLICIT_RETAIN_SELF = YES;
				CLANG_WARN_OBJC_LITERAL_CONVERSION = YES;
				CLANG_WARN_OBJC_ROOT_CLASS = YES_ERROR;
				CLANG_WARN_QUOTED_INCLUDE_IN_FRAMEWORK_HEADER = YES;
				CLANG_WARN_RANGE_LOOP_ANALYSIS = YES;
				CLANG_WARN_STRICT_PROTOTYPES = YES;
				CLANG_WARN_SUSPICIOUS_MOVE = YES;
				CLANG_WARN_UNGUARDED_AVAILABILITY = YES_AGGRESSIVE;
				CLANG_WARN_UNREACHABLE_CODE = YES;
				CLANG_WARN__DUPLICATE_METHOD_MATCH = YES;
				COPY_PHASE_STRIP = NO;
				DEBUG_INFORMATION_FORMAT = dwarf;
				ENABLE_STRICT_OBJC_MSGSEND = YES;
				ENABLE_TESTABILITY = YES;
				GCC_C_LANGUAGE_STANDARD = gnu11;
				GCC_DYNAMIC_NO_PIC = NO;
				GCC_NO_COMMON_BLOCKS = YES;
				GCC_OPTIMIZATION_LEVEL = 0;
				GCC_PREPROCESSOR_DEFINITIONS = (
					"DEBUG=1",
					"$(inherited)",
				);
				GCC_WARN_64_TO_32_BIT_CONVERSION = YES;
				GCC_WARN_ABOUT_RETURN_TYPE = YES_ERROR;
				GCC_WARN_UNDECLARED_SELECTOR = YES;
				GCC_WARN_UNINITIALIZED_AUTOS = YES_AGGRESSIVE;
				GCC_WARN_UNUSED_FUNCTION = YES;
				GCC_WARN_UNUSED_VARIABLE = YES;
				MACOSX_DEPLOYMENT_TARGET = 12.1;
				MTL_ENABLE_DEBUG_INFO = INCLUDE_SOURCE;
				MTL_FAST_MATH = YES;
				ONLY_ACTIVE_ARCH = YES;
				SDKROOT = macosx;
				SWIFT_ACTIVE_COMPILATION_CONDITIONS = DEBUG;
				SWIFT_OPTIMIZATION_LEVEL = "-Onone";
			};
			name = Debug;
		};
		A282A9C2295EDDAC00995018 /* Release */ = {
			isa = XCBuildConfiguration;
			buildSettings = {
				ALWAYS_SEARCH_USER_PATHS = NO;
				CLANG_ANALYZER_NONNULL = YES;
				CLANG_ANALYZER_NUMBER_OBJECT_CONVERSION = YES_AGGRESSIVE;
				CLANG_CXX_LANGUAGE_STANDARD = "gnu++17";
				CLANG_ENABLE_MODULES = YES;
				CLANG_ENABLE_OBJC_ARC = YES;
				CLANG_ENABLE_OBJC_WEAK = YES;
				CLANG_WARN_BLOCK_CAPTURE_AUTORELEASING = YES;
				CLANG_WARN_BOOL_CONVERSION = YES;
				CLANG_WARN_COMMA = YES;
				CLANG_WARN_CONSTANT_CONVERSION = YES;
				CLANG_WARN_DEPRECATED_OBJC_IMPLEMENTATIONS = YES;
				CLANG_WARN_DIRECT_OBJC_ISA_USAGE = YES_ERROR;
				CLANG_WARN_DOCUMENTATION_COMMENTS = YES;
				CLANG_WARN_EMPTY_BODY = YES;
				CLANG_WARN_ENUM_CONVERSION = YES;
				CLANG_WARN_INFINITE_RECURSION = YES;
				CLANG_WARN_INT_CONVERSION = YES;
				CLANG_WARN_NON_LITERAL_NULL_CONVERSION = YES;
				CLANG_WARN_OBJC_IMPLICIT_RETAIN_SELF = YES;
				CLANG_WARN_OBJC_LITERAL_CONVERSION = YES;
				CLANG_WARN_OBJC_ROOT_CLASS = YES_ERROR;
				CLANG_WARN_QUOTED_INCLUDE_IN_FRAMEWORK_HEADER = YES;
				CLANG_WARN_RANGE_LOOP_ANALYSIS = YES;
				CLANG_WARN_STRICT_PROTOTYPES = YES;
				CLANG_WARN_SUSPICIOUS_MOVE = YES;
				CLANG_WARN_UNGUARDED_AVAILABILITY = YES_AGGRESSIVE;
				CLANG_WARN_UNREACHABLE_CODE = YES;
				CLANG_WARN__DUPLICATE_METHOD_MATCH = YES;
				COPY_PHASE_STRIP = NO;
				DEBUG_INFORMATION_FORMAT = "dwarf-with-dsym";
				ENABLE_NS_ASSERTIONS = NO;
				ENABLE_STRICT_OBJC_MSGSEND = YES;
				GCC_C_LANGUAGE_STANDARD = gnu11;
				GCC_NO_COMMON_BLOCKS = YES;
				GCC_WARN_64_TO_32_BIT_CONVERSION = YES;
				GCC_WARN_ABOUT_RETURN_TYPE = YES_ERROR;
				GCC_WARN_UNDECLARED_SELECTOR = YES;
				GCC_WARN_UNINITIALIZED_AUTOS = YES_AGGRESSIVE;
				GCC_WARN_UNUSED_FUNCTION = YES;
				GCC_WARN_UNUSED_VARIABLE = YES;
				MACOSX_DEPLOYMENT_TARGET = 12.1;
				MTL_ENABLE_DEBUG_INFO = NO;
				MTL_FAST_MATH = YES;
				SDKROOT = macosx;
				SWIFT_COMPILATION_MODE = wholemodule;
				SWIFT_OPTIMIZATION_LEVEL = "-O";
			};
			name = Release;
		};
		A282A9C4295EDDAC00995018 /* Debug */ = {
			isa = XCBuildConfiguration;
			buildSettings = {
				ASSETCATALOG_COMPILER_APPICON_NAME = AppIcon;
				ASSETCATALOG_COMPILER_GLOBAL_ACCENT_COLOR_NAME = AccentColor;
				ASSETCATALOG_COMPILER_INCLUDE_ALL_APPICON_ASSETS = YES;
				CODE_SIGN_ENTITLEMENTS = Kala/Kala.entitlements;
				"CODE_SIGN_IDENTITY[sdk=macosx*]" = "Apple Development";
				CODE_SIGN_STYLE = Automatic;
				COMBINE_HIDPI_IMAGES = YES;
				CURRENT_PROJECT_VERSION = 5;
				DEVELOPMENT_ASSET_PATHS = "\"Kala/Preview Content\"";
				DEVELOPMENT_TEAM = RPH4S2457V;
				ENABLE_HARDENED_RUNTIME = YES;
				ENABLE_PREVIEWS = YES;
				GENERATE_INFOPLIST_FILE = YES;
				INFOPLIST_KEY_LSApplicationCategoryType = "public.app-category.utilities";
				INFOPLIST_KEY_NSHumanReadableCopyright = "Kuzmich Andrii, Vynnychenko Andrew";
				LD_RUNPATH_SEARCH_PATHS = (
					"$(inherited)",
					"@executable_path/../Frameworks",
				);
				MARKETING_VERSION = 1.1;
				PRODUCT_BUNDLE_IDENTIFIER = roga;
				PRODUCT_NAME = "$(TARGET_NAME)";
				SWIFT_EMIT_LOC_STRINGS = YES;
				SWIFT_VERSION = 5.0;
			};
			name = Debug;
		};
		A282A9C5295EDDAC00995018 /* Release */ = {
			isa = XCBuildConfiguration;
			buildSettings = {
				ASSETCATALOG_COMPILER_APPICON_NAME = AppIcon;
				ASSETCATALOG_COMPILER_GLOBAL_ACCENT_COLOR_NAME = AccentColor;
				ASSETCATALOG_COMPILER_INCLUDE_ALL_APPICON_ASSETS = YES;
				CODE_SIGN_ENTITLEMENTS = Kala/Kala.entitlements;
				"CODE_SIGN_IDENTITY[sdk=macosx*]" = "Apple Development";
				CODE_SIGN_STYLE = Automatic;
				COMBINE_HIDPI_IMAGES = YES;
				CURRENT_PROJECT_VERSION = 5;
				DEVELOPMENT_ASSET_PATHS = "\"Kala/Preview Content\"";
				DEVELOPMENT_TEAM = RPH4S2457V;
				ENABLE_HARDENED_RUNTIME = YES;
				ENABLE_PREVIEWS = YES;
				GENERATE_INFOPLIST_FILE = YES;
				INFOPLIST_KEY_LSApplicationCategoryType = "public.app-category.utilities";
				INFOPLIST_KEY_NSHumanReadableCopyright = "Kuzmich Andrii, Vynnychenko Andrew";
				LD_RUNPATH_SEARCH_PATHS = (
					"$(inherited)",
					"@executable_path/../Frameworks",
				);
				MARKETING_VERSION = 1.1;
				PRODUCT_BUNDLE_IDENTIFIER = roga;
				PRODUCT_NAME = "$(TARGET_NAME)";
				SWIFT_EMIT_LOC_STRINGS = YES;
				SWIFT_VERSION = 5.0;
			};
			name = Release;
		};
		A282AA01296879C200995018 /* Debug */ = {
			isa = XCBuildConfiguration;
			buildSettings = {
				BUNDLE_LOADER = "$(TEST_HOST)";
				CODE_SIGN_STYLE = Automatic;
				CURRENT_PROJECT_VERSION = 1;
				DEVELOPMENT_TEAM = RPH4S2457V;
				GENERATE_INFOPLIST_FILE = YES;
				MARKETING_VERSION = 1.0;
				PRODUCT_BUNDLE_IDENTIFIER = com.rogaAndKopytaBugaiv.KalaTests;
				PRODUCT_NAME = "$(TARGET_NAME)";
				SWIFT_EMIT_LOC_STRINGS = NO;
				SWIFT_VERSION = 5.0;
				TEST_HOST = "$(BUILT_PRODUCTS_DIR)/Kala.app/Contents/MacOS/Kala";
			};
			name = Debug;
		};
		A282AA02296879C200995018 /* Release */ = {
			isa = XCBuildConfiguration;
			buildSettings = {
				BUNDLE_LOADER = "$(TEST_HOST)";
				CODE_SIGN_STYLE = Automatic;
				CURRENT_PROJECT_VERSION = 1;
				DEVELOPMENT_TEAM = RPH4S2457V;
				GENERATE_INFOPLIST_FILE = YES;
				MARKETING_VERSION = 1.0;
				PRODUCT_BUNDLE_IDENTIFIER = com.rogaAndKopytaBugaiv.KalaTests;
				PRODUCT_NAME = "$(TARGET_NAME)";
				SWIFT_EMIT_LOC_STRINGS = NO;
				SWIFT_VERSION = 5.0;
				TEST_HOST = "$(BUILT_PRODUCTS_DIR)/Kala.app/Contents/MacOS/Kala";
			};
			name = Release;
		};
/* End XCBuildConfiguration section */

/* Begin XCConfigurationList section */
		A282A9AF295EDDAB00995018 /* Build configuration list for PBXProject "Kala" */ = {
			isa = XCConfigurationList;
			buildConfigurations = (
				A282A9C1295EDDAC00995018 /* Debug */,
				A282A9C2295EDDAC00995018 /* Release */,
			);
			defaultConfigurationIsVisible = 0;
			defaultConfigurationName = Release;
		};
		A282A9C3295EDDAC00995018 /* Build configuration list for PBXNativeTarget "Kala" */ = {
			isa = XCConfigurationList;
			buildConfigurations = (
				A282A9C4295EDDAC00995018 /* Debug */,
				A282A9C5295EDDAC00995018 /* Release */,
			);
			defaultConfigurationIsVisible = 0;
			defaultConfigurationName = Release;
		};
		A282AA03296879C200995018 /* Build configuration list for PBXNativeTarget "KalaTests" */ = {
			isa = XCConfigurationList;
			buildConfigurations = (
				A282AA01296879C200995018 /* Debug */,
				A282AA02296879C200995018 /* Release */,
			);
			defaultConfigurationIsVisible = 0;
			defaultConfigurationName = Release;
		};
/* End XCConfigurationList section */

/* Begin XCRemoteSwiftPackageReference section */
		A2207FED2BEE6ECB005CA5AE /* XCRemoteSwiftPackageReference "AsyncNinja" */ = {
			isa = XCRemoteSwiftPackageReference;
			repositoryURL = "git@github.com:serg-vinnie/AsyncNinja.git";
			requirement = {
				kind = upToNextMajorVersion;
				minimumVersion = 1.4.0;
			};
		};
/* End XCRemoteSwiftPackageReference section */

/* Begin XCSwiftPackageProductDependency section */
		A2207FF82BEE7784005CA5AE /* AsyncNinja */ = {
			isa = XCSwiftPackageProductDependency;
			package = A2207FED2BEE6ECB005CA5AE /* XCRemoteSwiftPackageReference "AsyncNinja" */;
			productName = AsyncNinja;
		};
/* End XCSwiftPackageProductDependency section */
	};
	rootObject = A282A9AC295EDDAB00995018 /* Project object */;
}
