{
  "pins" : [
    {
      "identity" : "asyncninja",
      "kind" : "remoteSourceControl",
      "location" : "git@github.com:serg-vinnie/AsyncNinja.git",
      "state" : {
        "revision" : "b6f4e2e7bef49d6de19eca8dd9c86e2b754dc114",
        "version" : "1.4.0"
      }
    }
  ],
  "version" : 2
}
